<?xml version="1.0" encoding="utf-8"?>
<Project ToolsVersion="4.0" xmlns="http://schemas.microsoft.com/developer/msbuild/2003">
  <ItemGroup>
    <Filter Include="ソース ファイル">
      <UniqueIdentifier>{4FC737F1-C7A5-4376-A066-2A32D752A2FF}</UniqueIdentifier>
      <Extensions>cpp;c;cc;cxx;c++;cppm;ixx;def;odl;idl;hpj;bat;asm;asmx</Extensions>
    </Filter>
    <Filter Include="ヘッダー ファイル">
      <UniqueIdentifier>{93995380-89BD-4b04-88EB-625FBE52EBFB}</UniqueIdentifier>
      <Extensions>h;hh;hpp;hxx;h++;hm;inl;inc;ipp;xsd</Extensions>
    </Filter>
    <Filter Include="リソース ファイル">
      <UniqueIdentifier>{67DA6AB6-F800-4c08-8B7A-83BB121AAD01}</UniqueIdentifier>
      <Extensions>rc;ico;cur;bmp;dlg;rc2;rct;bin;rgs;gif;jpg;jpeg;jpe;resx;tiff;tif;png;wav;mfcribbon-ms</Extensions>
    </Filter>
    <Filter Include="window">
      <UniqueIdentifier>{714a240a-ad3f-45a2-9623-0efde74ea48a}</UniqueIdentifier>
    </Filter>
    <Filter Include="directx">
      <UniqueIdentifier>{2d9c4f42-a9db-421f-a53a-0b57b4f0cfd3}</UniqueIdentifier>
    </Filter>
    <Filter Include="draw_resource">
      <UniqueIdentifier>{9a4f834d-5025-4d0f-a7c9-d31a6fc02f59}</UniqueIdentifier>
    </Filter>
    <Filter Include="object">
      <UniqueIdentifier>{0b0aa002-865e-4d85-a4b7-e17c5d358d35}</UniqueIdentifier>
    </Filter>
    <Filter Include="entry">
      <UniqueIdentifier>{1f690bc4-26e1-4a4e-b048-d10d2f211c2a}</UniqueIdentifier>
    </Filter>
  </ItemGroup>
  <ItemGroup>
    <ClCompile Include="entry\entry.cpp">
      <Filter>entry</Filter>
    </ClCompile>
    <ClCompile Include="directx\DXGI.cpp">
      <Filter>directx</Filter>
    </ClCompile>
    <ClCompile Include="directx\fence.cpp">
      <Filter>directx</Filter>
    </ClCompile>
    <ClCompile Include="directx\pipline_state_object.cpp">
      <Filter>directx</Filter>
    </ClCompile>
    <ClCompile Include="directx\render_target.cpp">
      <Filter>directx</Filter>
    </ClCompile>
    <ClCompile Include="directx\root_signature.cpp">
      <Filter>directx</Filter>
    </ClCompile>
    <ClCompile Include="directx\shader.cpp">
      <Filter>directx</Filter>
    </ClCompile>
    <ClCompile Include="directx\swap_chain.cpp">
      <Filter>directx</Filter>
    </ClCompile>
    <ClCompile Include="directx\command_allocator.cpp">
      <Filter>directx</Filter>
    </ClCompile>
    <ClCompile Include="directx\command_list.cpp">
      <Filter>directx</Filter>
    </ClCompile>
    <ClCompile Include="directx\command_queue.cpp">
      <Filter>directx</Filter>
    </ClCompile>
    <ClCompile Include="directx\descriptor_heap.cpp">
      <Filter>directx</Filter>
    </ClCompile>
    <ClCompile Include="directx\device.cpp">
      <Filter>directx</Filter>
    </ClCompile>
    <ClCompile Include="draw_resource\triangle_polygon.cpp">
      <Filter>draw_resource</Filter>
    </ClCompile>
    <ClCompile Include="window\window.cpp">
      <Filter>window</Filter>
    </ClCompile>
    <ClCompile Include="directx\constant_buffer.cpp">
      <Filter>directx</Filter>
    </ClCompile>
    <ClCompile Include="object\camera.cpp">
      <Filter>object</Filter>
    </ClCompile>
    <ClCompile Include="object\object.cpp">
      <Filter>object</Filter>
    </ClCompile>
    <ClCompile Include="directx\depth_buffer.cpp">
      <Filter>directx</Filter>
    </ClCompile>
    <ClCompile Include="window\input.cpp">
      <Filter>window</Filter>
    </ClCompile>
    <ClCompile Include="draw_resource\quad_polygon.cpp">
      <Filter>draw_resource</Filter>
    </ClCompile>
    <ClCompile Include="object\Player.cpp">
      <Filter>object</Filter>
    </ClCompile>
    <ClCompile Include="draw_resource\bullet_Polygon.cpp">
      <Filter>draw_resource</Filter>
    </ClCompile>
    <ClCompile Include="object\bullet.cpp">
      <Filter>object</Filter>
    </ClCompile>
    <ClCompile Include="object\BulletManager.cpp">
      <Filter>object</Filter>
    </ClCompile>
  </ItemGroup>
  <ItemGroup>
    <ClInclude Include="directx\DXGI.h">
      <Filter>directx</Filter>
    </ClInclude>
    <ClInclude Include="directx\fence.h">
      <Filter>directx</Filter>
    </ClInclude>
    <ClInclude Include="directx\pipline_state_object.h">
      <Filter>directx</Filter>
    </ClInclude>
    <ClInclude Include="directx\render_target.h">
      <Filter>directx</Filter>
    </ClInclude>
    <ClInclude Include="directx\root_signature.h">
      <Filter>directx</Filter>
    </ClInclude>
    <ClInclude Include="directx\shader.h">
      <Filter>directx</Filter>
    </ClInclude>
    <ClInclude Include="directx\swap_chain.h">
      <Filter>directx</Filter>
    </ClInclude>
    <ClInclude Include="directx\command_allocator.h">
      <Filter>directx</Filter>
    </ClInclude>
    <ClInclude Include="directx\command_list.h">
      <Filter>directx</Filter>
    </ClInclude>
    <ClInclude Include="directx\command_queue.h">
      <Filter>directx</Filter>
    </ClInclude>
    <ClInclude Include="directx\descriptor_heap.h">
      <Filter>directx</Filter>
    </ClInclude>
    <ClInclude Include="directx\device.h">
      <Filter>directx</Filter>
    </ClInclude>
    <ClInclude Include="draw_resource\triangle_polygon.h">
      <Filter>draw_resource</Filter>
    </ClInclude>
    <ClInclude Include="window\window.h">
      <Filter>window</Filter>
    </ClInclude>
    <ClInclude Include="directx\constant_buffer.h">
      <Filter>directx</Filter>
    </ClInclude>
    <ClInclude Include="object\camera.h">
      <Filter>object</Filter>
    </ClInclude>
    <ClInclude Include="object\object.h">
      <Filter>object</Filter>
    </ClInclude>
    <ClInclude Include="directx\depth_buffer.h">
      <Filter>directx</Filter>
    </ClInclude>
    <ClInclude Include="window\input.h">
      <Filter>window</Filter>
    </ClInclude>
    <ClInclude Include="draw_resource\quad_polygon.h">
      <Filter>draw_resource</Filter>
    </ClInclude>
    <ClInclude Include="object\Player.h">
      <Filter>object</Filter>
    </ClInclude>
    <ClInclude Include="draw_resource\bullet_Polygon.h">
      <Filter>draw_resource</Filter>
    </ClInclude>
    <ClInclude Include="object\bullet.h">
      <Filter>object</Filter>
    </ClInclude>
    <ClInclude Include="object\BulletManager.h">
      <Filter>object</Filter>
    </ClInclude>
  </ItemGroup>
</Project>