
Microsoft Visual Studio Solution File, Format Version 12.00
# Visual Studio Version 17
VisualStudioVersion = 17.14.36414.22 d17.14
MinimumVisualStudioVersion = 10.0.40219.1
Project("{8BC9CEB8-8B4A-11D0-8D11-00A0C91BC942}") = "Project1", "Project1.vcxproj", "{010B389C-22C7-4066-A0BE-E95AB8352CDD}"
EndProject
Global
	GlobalSection(SolutionConfigurationPlatforms) = preSolution
		Debug|x64 = Debug|x64
		Debug|x86 = Debug|x86
		Release|x64 = Release|x64
		Release|x86 = Release|x86
	EndGlobalSection
	GlobalSection(ProjectConfigurationPlatforms) = postSolution
		{010B389C-22C7-4066-A0BE-E95AB8352CDD}.Debug|x64.ActiveCfg = Debug|x64
		{010B389C-22C7-4066-A0BE-E95AB8352CDD}.Debug|x64.Build.0 = Debug|x64
		{010B389C-22C7-4066-A0BE-E95AB8352CDD}.Debug|x86.ActiveCfg = Debug|Win32
		{010B389C-22C7-4066-A0BE-E95AB8352CDD}.Debug|x86.Build.0 = Debug|Win32
		{010B389C-22C7-4066-A0BE-E95AB8352CDD}.Release|x64.ActiveCfg = Release|x64
		{010B389C-22C7-4066-A0BE-E95AB8352CDD}.Release|x64.Build.0 = Release|x64
		{010B389C-22C7-4066-A0BE-E95AB8352CDD}.Release|x86.ActiveCfg = Release|Win32
		{010B389C-22C7-4066-A0BE-E95AB8352CDD}.Release|x86.Build.0 = Release|Win32
	EndGlobalSection
	GlobalSection(SolutionProperties) = preSolution
		HideSolutionNode = FALSE
	EndGlobalSection
	GlobalSection(ExtensibilityGlobals) = postSolution
		SolutionGuid = {55D1D1F3-AF3A-4BB1-97E2-01D24074443F}
	EndGlobalSection
EndGlobal
